
Microsoft Visual Studio Solution File, Format Version 12.00
# Visual Studio Version 16
Project("{2150E333-8FDC-42A3-9474-1A3956D46DE8}") = "CMakePredefinedTargets", "CMakePredefinedTargets", "{D5B6D232-34E3-3F7D-942F-B246A07FFC38}"
EndProject
Project("{8BC9CEB8-8B4A-11D0-8D11-00A0C91BC942}") = "ALL_BUILD", "ALL_BUILD.vcxproj", "{930796A0-629B-3FA9-B644-27DBCB157649}"
	ProjectSection(ProjectDependencies) = postProject
		{6516AE4E-8837-3E75-BA62-3BC37748B6D2} = {6516AE4E-8837-3E75-BA62-3BC37748B6D2}
		{F69488F1-1BAF-3CB1-97C4-D9BC22837EDC} = {F69488F1-1BAF-3CB1-97C4-D9BC22837EDC}
	EndProjectSection
EndProject
Project("{8BC9CEB8-8B4A-11D0-8D11-00A0C91BC942}") = "INSTALL", "INSTALL.vcxproj", "{739580A5-1CCC-3FAF-B9A8-CCBD82DBE38F}"
	ProjectSection(ProjectDependencies) = postProject
		{930796A0-629B-3FA9-B644-27DBCB157649} = {930796A0-629B-3FA9-B644-27DBCB157649}
		{6516AE4E-8837-3E75-BA62-3BC37748B6D2} = {6516AE4E-8837-3E75-BA62-3BC37748B6D2}
	EndProjectSection
EndProject
Project("{8BC9CEB8-8B4A-11D0-8D11-00A0C91BC942}") = "PACKAGE", "PACKAGE.vcxproj", "{47CE06DE-F506-3E36-BEA4-C5ECFB35375E}"
	ProjectSection(ProjectDependencies) = postProject
		{930796A0-629B-3FA9-B644-27DBCB157649} = {930796A0-629B-3FA9-B644-27DBCB157649}
		{6516AE4E-8837-3E75-BA62-3BC37748B6D2} = {6516AE4E-8837-3E75-BA62-3BC37748B6D2}
	EndProjectSection
EndProject
Project("{8BC9CEB8-8B4A-11D0-8D11-00A0C91BC942}") = "ZERO_CHECK", "..\\ZERO_CHECK.vcxproj", "{6516AE4E-8837-3E75-BA62-3BC37748B6D2}"
	ProjectSection(ProjectDependencies) = postProject
	EndProjectSection
EndProject
Project("{8BC9CEB8-8B4A-11D0-8D11-00A0C91BC942}") = "keystone", "..\llvm\keystone\keystone.vcxproj", "{68E2375B-B987-39E6-90C4-3259C0591567}"
	ProjectSection(ProjectDependencies) = postProject
		{6516AE4E-8837-3E75-BA62-3BC37748B6D2} = {6516AE4E-8837-3E75-BA62-3BC37748B6D2}
	EndProjectSection
EndProject
Project("{8BC9CEB8-8B4A-11D0-8D11-00A0C91BC942}") = "kstool", "kstool.vcxproj", "{F69488F1-1BAF-3CB1-97C4-D9BC22837EDC}"
	ProjectSection(ProjectDependencies) = postProject
		{6516AE4E-8837-3E75-BA62-3BC37748B6D2} = {6516AE4E-8837-3E75-BA62-3BC37748B6D2}
		{68E2375B-B987-39E6-90C4-3259C0591567} = {68E2375B-B987-39E6-90C4-3259C0591567}
	EndProjectSection
EndProject
Global
	GlobalSection(SolutionConfigurationPlatforms) = preSolution
		Debug|x64 = Debug|x64
		Release|x64 = Release|x64
		MinSizeRel|x64 = MinSizeRel|x64
		RelWithDebInfo|x64 = RelWithDebInfo|x64
	EndGlobalSection
	GlobalSection(ProjectConfigurationPlatforms) = postSolution
		{930796A0-629B-3FA9-B644-27DBCB157649}.Debug|x64.ActiveCfg = Debug|x64
		{930796A0-629B-3FA9-B644-27DBCB157649}.Debug|x64.Build.0 = Debug|x64
		{930796A0-629B-3FA9-B644-27DBCB157649}.Release|x64.ActiveCfg = Release|x64
		{930796A0-629B-3FA9-B644-27DBCB157649}.Release|x64.Build.0 = Release|x64
		{930796A0-629B-3FA9-B644-27DBCB157649}.MinSizeRel|x64.ActiveCfg = MinSizeRel|x64
		{930796A0-629B-3FA9-B644-27DBCB157649}.MinSizeRel|x64.Build.0 = MinSizeRel|x64
		{930796A0-629B-3FA9-B644-27DBCB157649}.RelWithDebInfo|x64.ActiveCfg = RelWithDebInfo|x64
		{930796A0-629B-3FA9-B644-27DBCB157649}.RelWithDebInfo|x64.Build.0 = RelWithDebInfo|x64
		{739580A5-1CCC-3FAF-B9A8-CCBD82DBE38F}.Debug|x64.ActiveCfg = Debug|x64
		{739580A5-1CCC-3FAF-B9A8-CCBD82DBE38F}.Release|x64.ActiveCfg = Release|x64
		{739580A5-1CCC-3FAF-B9A8-CCBD82DBE38F}.MinSizeRel|x64.ActiveCfg = MinSizeRel|x64
		{739580A5-1CCC-3FAF-B9A8-CCBD82DBE38F}.RelWithDebInfo|x64.ActiveCfg = RelWithDebInfo|x64
		{47CE06DE-F506-3E36-BEA4-C5ECFB35375E}.Debug|x64.ActiveCfg = Debug|x64
		{47CE06DE-F506-3E36-BEA4-C5ECFB35375E}.Release|x64.ActiveCfg = Release|x64
		{47CE06DE-F506-3E36-BEA4-C5ECFB35375E}.MinSizeRel|x64.ActiveCfg = MinSizeRel|x64
		{47CE06DE-F506-3E36-BEA4-C5ECFB35375E}.RelWithDebInfo|x64.ActiveCfg = RelWithDebInfo|x64
		{6516AE4E-8837-3E75-BA62-3BC37748B6D2}.Debug|x64.ActiveCfg = Debug|x64
		{6516AE4E-8837-3E75-BA62-3BC37748B6D2}.Debug|x64.Build.0 = Debug|x64
		{6516AE4E-8837-3E75-BA62-3BC37748B6D2}.Release|x64.ActiveCfg = Release|x64
		{6516AE4E-8837-3E75-BA62-3BC37748B6D2}.Release|x64.Build.0 = Release|x64
		{6516AE4E-8837-3E75-BA62-3BC37748B6D2}.MinSizeRel|x64.ActiveCfg = MinSizeRel|x64
		{6516AE4E-8837-3E75-BA62-3BC37748B6D2}.MinSizeRel|x64.Build.0 = MinSizeRel|x64
		{6516AE4E-8837-3E75-BA62-3BC37748B6D2}.RelWithDebInfo|x64.ActiveCfg = RelWithDebInfo|x64
		{6516AE4E-8837-3E75-BA62-3BC37748B6D2}.RelWithDebInfo|x64.Build.0 = RelWithDebInfo|x64
		{68E2375B-B987-39E6-90C4-3259C0591567}.Debug|x64.ActiveCfg = Debug|x64
		{68E2375B-B987-39E6-90C4-3259C0591567}.Debug|x64.Build.0 = Debug|x64
		{68E2375B-B987-39E6-90C4-3259C0591567}.Release|x64.ActiveCfg = Release|x64
		{68E2375B-B987-39E6-90C4-3259C0591567}.Release|x64.Build.0 = Release|x64
		{68E2375B-B987-39E6-90C4-3259C0591567}.MinSizeRel|x64.ActiveCfg = MinSizeRel|x64
		{68E2375B-B987-39E6-90C4-3259C0591567}.MinSizeRel|x64.Build.0 = MinSizeRel|x64
		{68E2375B-B987-39E6-90C4-3259C0591567}.RelWithDebInfo|x64.ActiveCfg = RelWithDebInfo|x64
		{68E2375B-B987-39E6-90C4-3259C0591567}.RelWithDebInfo|x64.Build.0 = RelWithDebInfo|x64
		{F69488F1-1BAF-3CB1-97C4-D9BC22837EDC}.Debug|x64.ActiveCfg = Debug|x64
		{F69488F1-1BAF-3CB1-97C4-D9BC22837EDC}.Debug|x64.Build.0 = Debug|x64
		{F69488F1-1BAF-3CB1-97C4-D9BC22837EDC}.Release|x64.ActiveCfg = Release|x64
		{F69488F1-1BAF-3CB1-97C4-D9BC22837EDC}.Release|x64.Build.0 = Release|x64
		{F69488F1-1BAF-3CB1-97C4-D9BC22837EDC}.MinSizeRel|x64.ActiveCfg = MinSizeRel|x64
		{F69488F1-1BAF-3CB1-97C4-D9BC22837EDC}.MinSizeRel|x64.Build.0 = MinSizeRel|x64
		{F69488F1-1BAF-3CB1-97C4-D9BC22837EDC}.RelWithDebInfo|x64.ActiveCfg = RelWithDebInfo|x64
		{F69488F1-1BAF-3CB1-97C4-D9BC22837EDC}.RelWithDebInfo|x64.Build.0 = RelWithDebInfo|x64
	EndGlobalSection
	GlobalSection(NestedProjects) = preSolution
		{930796A0-629B-3FA9-B644-27DBCB157649} = {D5B6D232-34E3-3F7D-942F-B246A07FFC38}
		{739580A5-1CCC-3FAF-B9A8-CCBD82DBE38F} = {D5B6D232-34E3-3F7D-942F-B246A07FFC38}
		{47CE06DE-F506-3E36-BEA4-C5ECFB35375E} = {D5B6D232-34E3-3F7D-942F-B246A07FFC38}
		{6516AE4E-8837-3E75-BA62-3BC37748B6D2} = {D5B6D232-34E3-3F7D-942F-B246A07FFC38}
	EndGlobalSection
	GlobalSection(ExtensibilityGlobals) = postSolution
		SolutionGuid = {BF8C9E89-00C3-34BD-A1A5-404FD38E34A9}
	EndGlobalSection
	GlobalSection(ExtensibilityAddIns) = postSolution
	EndGlobalSection
EndGlobal
