
Microsoft Visual Studio Solution File, Format Version 12.00
# Visual Studio Version 16
VisualStudioVersion = 16.0.33214.272
MinimumVisualStudioVersion = 10.0.40219.1
Project("{2150E333-8FDC-42A3-9474-1A3956D46DE8}") = "CMakePredefinedTargets", "CMakePredefinedTargets", "{D5B6D232-34E3-3F7D-942F-B246A07FFC38}"
EndProject
Project("{8BC9CEB8-8B4A-11D0-8D11-00A0C91BC942}") = "ALL_BUILD", "ALL_BUILD.vcxproj", "{930796A0-629B-3FA9-B644-27DBCB157649}"
	ProjectSection(ProjectDependencies) = postProject
		{6516AE4E-8837-3E75-BA62-3BC37748B6D2} = {6516AE4E-8837-3E75-BA62-3BC37748B6D2}
		{FB52B69D-66E9-3C70-B494-E9531F0D36B2} = {FB52B69D-66E9-3C70-B494-E9531F0D36B2}
		{9841FD78-19BB-356A-9F58-2262DB49087B} = {9841FD78-19BB-356A-9F58-2262DB49087B}
		{51EB83DA-D765-3ADF-96BF-FA438298E960} = {51EB83DA-D765-3ADF-96BF-FA438298E960}
		{C9F8EE43-0606-3F8F-A352-22EF7CEB0C44} = {C9F8EE43-0606-3F8F-A352-22EF7CEB0C44}
		{C9A9D836-DD41-378D-9312-18D0F8AE05DD} = {C9A9D836-DD41-378D-9312-18D0F8AE05DD}
		{BB9DEB50-7318-3B33-95FE-5C6F875434F3} = {BB9DEB50-7318-3B33-95FE-5C6F875434F3}
		{EDA40DAF-276A-3CFC-81D6-0ECF87572641} = {EDA40DAF-276A-3CFC-81D6-0ECF87572641}
		{F87B9286-D20A-39EC-8684-657ABBC6D6E2} = {F87B9286-D20A-39EC-8684-657ABBC6D6E2}
		{F7F6CF1B-409D-30E8-91A1-B0D7C6CFDD23} = {F7F6CF1B-409D-30E8-91A1-B0D7C6CFDD23}
		{77ADBD58-FAAB-39B3-AB76-D966BCAACE2C} = {77ADBD58-FAAB-39B3-AB76-D966BCAACE2C}
		{37EA148B-E3EF-3432-B46C-4C7D722AAF37} = {37EA148B-E3EF-3432-B46C-4C7D722AAF37}
		{7B2E20E7-9027-325D-9075-E674DA70633D} = {7B2E20E7-9027-325D-9075-E674DA70633D}
		{BE0D312D-9030-387B-8700-20BE443842EE} = {BE0D312D-9030-387B-8700-20BE443842EE}
		{2BF8F4F6-9EA3-3BD4-8701-E29ED6D9E005} = {2BF8F4F6-9EA3-3BD4-8701-E29ED6D9E005}
		{2E2F62EA-0693-31F4-926A-06E6318F8313} = {2E2F62EA-0693-31F4-926A-06E6318F8313}
		{6FD8DD1A-D44A-3485-9D5A-2D9BA1E98E4E} = {6FD8DD1A-D44A-3485-9D5A-2D9BA1E98E4E}
		{B2D2EBE5-BEC0-39D8-B4A4-14190AC19385} = {B2D2EBE5-BEC0-39D8-B4A4-14190AC19385}
		{E2585CF3-48F8-360D-B9F0-E3CDB052DAAD} = {E2585CF3-48F8-360D-B9F0-E3CDB052DAAD}
		{0B68D774-686E-3BD5-945B-A01E1D151428} = {0B68D774-686E-3BD5-945B-A01E1D151428}
		{DABC88D5-359F-3C61-9530-8515C2160195} = {DABC88D5-359F-3C61-9530-8515C2160195}
		{567FA026-A1C6-3E70-B066-38A5FFD1B260} = {567FA026-A1C6-3E70-B066-38A5FFD1B260}
		{803F76E0-CAAD-30C8-BCB5-A9302C04470F} = {803F76E0-CAAD-30C8-BCB5-A9302C04470F}
		{F08491B9-40AA-335C-91A2-61DC9DCB0508} = {F08491B9-40AA-335C-91A2-61DC9DCB0508}
		{B037DF51-C379-35B1-8DB8-EDC7A65CE89B} = {B037DF51-C379-35B1-8DB8-EDC7A65CE89B}
		{D7C9BB3D-418D-3C52-8FA4-0473449DDF1A} = {D7C9BB3D-418D-3C52-8FA4-0473449DDF1A}
		{68E2375B-B987-39E6-90C4-3259C0591567} = {68E2375B-B987-39E6-90C4-3259C0591567}
		{F69488F1-1BAF-3CB1-97C4-D9BC22837EDC} = {F69488F1-1BAF-3CB1-97C4-D9BC22837EDC}
	EndProjectSection
EndProject
Project("{8BC9CEB8-8B4A-11D0-8D11-00A0C91BC942}") = "INSTALL", "INSTALL.vcxproj", "{739580A5-1CCC-3FAF-B9A8-CCBD82DBE38F}"
	ProjectSection(ProjectDependencies) = postProject
		{930796A0-629B-3FA9-B644-27DBCB157649} = {930796A0-629B-3FA9-B644-27DBCB157649}
		{6516AE4E-8837-3E75-BA62-3BC37748B6D2} = {6516AE4E-8837-3E75-BA62-3BC37748B6D2}
	EndProjectSection
EndProject
Project("{8BC9CEB8-8B4A-11D0-8D11-00A0C91BC942}") = "PACKAGE", "PACKAGE.vcxproj", "{47CE06DE-F506-3E36-BEA4-C5ECFB35375E}"
	ProjectSection(ProjectDependencies) = postProject
		{930796A0-629B-3FA9-B644-27DBCB157649} = {930796A0-629B-3FA9-B644-27DBCB157649}
		{6516AE4E-8837-3E75-BA62-3BC37748B6D2} = {6516AE4E-8837-3E75-BA62-3BC37748B6D2}
	EndProjectSection
EndProject
Project("{8BC9CEB8-8B4A-11D0-8D11-00A0C91BC942}") = "ZERO_CHECK", "ZERO_CHECK.vcxproj", "{6516AE4E-8837-3E75-BA62-3BC37748B6D2}"
EndProject
Project("{8BC9CEB8-8B4A-11D0-8D11-00A0C91BC942}") = "fuzz_asm_arm64_arm", "suite\fuzz\fuzz_asm_arm64_arm.vcxproj", "{FB52B69D-66E9-3C70-B494-E9531F0D36B2}"
	ProjectSection(ProjectDependencies) = postProject
		{6516AE4E-8837-3E75-BA62-3BC37748B6D2} = {6516AE4E-8837-3E75-BA62-3BC37748B6D2}
		{68E2375B-B987-39E6-90C4-3259C0591567} = {68E2375B-B987-39E6-90C4-3259C0591567}
	EndProjectSection
EndProject
Project("{8BC9CEB8-8B4A-11D0-8D11-00A0C91BC942}") = "fuzz_asm_arm_arm", "suite\fuzz\fuzz_asm_arm_arm.vcxproj", "{9841FD78-19BB-356A-9F58-2262DB49087B}"
	ProjectSection(ProjectDependencies) = postProject
		{6516AE4E-8837-3E75-BA62-3BC37748B6D2} = {6516AE4E-8837-3E75-BA62-3BC37748B6D2}
		{68E2375B-B987-39E6-90C4-3259C0591567} = {68E2375B-B987-39E6-90C4-3259C0591567}
	EndProjectSection
EndProject
Project("{8BC9CEB8-8B4A-11D0-8D11-00A0C91BC942}") = "fuzz_asm_arm_armbe", "suite\fuzz\fuzz_asm_arm_armbe.vcxproj", "{51EB83DA-D765-3ADF-96BF-FA438298E960}"
	ProjectSection(ProjectDependencies) = postProject
		{6516AE4E-8837-3E75-BA62-3BC37748B6D2} = {6516AE4E-8837-3E75-BA62-3BC37748B6D2}
		{68E2375B-B987-39E6-90C4-3259C0591567} = {68E2375B-B987-39E6-90C4-3259C0591567}
	EndProjectSection
EndProject
Project("{8BC9CEB8-8B4A-11D0-8D11-00A0C91BC942}") = "fuzz_asm_arm_armv8be", "suite\fuzz\fuzz_asm_arm_armv8be.vcxproj", "{C9F8EE43-0606-3F8F-A352-22EF7CEB0C44}"
	ProjectSection(ProjectDependencies) = postProject
		{6516AE4E-8837-3E75-BA62-3BC37748B6D2} = {6516AE4E-8837-3E75-BA62-3BC37748B6D2}
		{68E2375B-B987-39E6-90C4-3259C0591567} = {68E2375B-B987-39E6-90C4-3259C0591567}
	EndProjectSection
EndProject
Project("{8BC9CEB8-8B4A-11D0-8D11-00A0C91BC942}") = "fuzz_asm_arm_thumb", "suite\fuzz\fuzz_asm_arm_thumb.vcxproj", "{C9A9D836-DD41-378D-9312-18D0F8AE05DD}"
	ProjectSection(ProjectDependencies) = postProject
		{6516AE4E-8837-3E75-BA62-3BC37748B6D2} = {6516AE4E-8837-3E75-BA62-3BC37748B6D2}
		{68E2375B-B987-39E6-90C4-3259C0591567} = {68E2375B-B987-39E6-90C4-3259C0591567}
	EndProjectSection
EndProject
Project("{8BC9CEB8-8B4A-11D0-8D11-00A0C91BC942}") = "fuzz_asm_arm_thumbbe", "suite\fuzz\fuzz_asm_arm_thumbbe.vcxproj", "{BB9DEB50-7318-3B33-95FE-5C6F875434F3}"
	ProjectSection(ProjectDependencies) = postProject
		{6516AE4E-8837-3E75-BA62-3BC37748B6D2} = {6516AE4E-8837-3E75-BA62-3BC37748B6D2}
		{68E2375B-B987-39E6-90C4-3259C0591567} = {68E2375B-B987-39E6-90C4-3259C0591567}
	EndProjectSection
EndProject
Project("{8BC9CEB8-8B4A-11D0-8D11-00A0C91BC942}") = "fuzz_asm_arm_thumbv8", "suite\fuzz\fuzz_asm_arm_thumbv8.vcxproj", "{EDA40DAF-276A-3CFC-81D6-0ECF87572641}"
	ProjectSection(ProjectDependencies) = postProject
		{6516AE4E-8837-3E75-BA62-3BC37748B6D2} = {6516AE4E-8837-3E75-BA62-3BC37748B6D2}
		{68E2375B-B987-39E6-90C4-3259C0591567} = {68E2375B-B987-39E6-90C4-3259C0591567}
	EndProjectSection
EndProject
Project("{8BC9CEB8-8B4A-11D0-8D11-00A0C91BC942}") = "fuzz_asm_arm_thumbv8be", "suite\fuzz\fuzz_asm_arm_thumbv8be.vcxproj", "{F87B9286-D20A-39EC-8684-657ABBC6D6E2}"
	ProjectSection(ProjectDependencies) = postProject
		{6516AE4E-8837-3E75-BA62-3BC37748B6D2} = {6516AE4E-8837-3E75-BA62-3BC37748B6D2}
		{68E2375B-B987-39E6-90C4-3259C0591567} = {68E2375B-B987-39E6-90C4-3259C0591567}
	EndProjectSection
EndProject
Project("{8BC9CEB8-8B4A-11D0-8D11-00A0C91BC942}") = "fuzz_asm_armv8_arm", "suite\fuzz\fuzz_asm_armv8_arm.vcxproj", "{F7F6CF1B-409D-30E8-91A1-B0D7C6CFDD23}"
	ProjectSection(ProjectDependencies) = postProject
		{6516AE4E-8837-3E75-BA62-3BC37748B6D2} = {6516AE4E-8837-3E75-BA62-3BC37748B6D2}
		{68E2375B-B987-39E6-90C4-3259C0591567} = {68E2375B-B987-39E6-90C4-3259C0591567}
	EndProjectSection
EndProject
Project("{8BC9CEB8-8B4A-11D0-8D11-00A0C91BC942}") = "fuzz_asm_evm", "suite\fuzz\fuzz_asm_evm.vcxproj", "{77ADBD58-FAAB-39B3-AB76-D966BCAACE2C}"
	ProjectSection(ProjectDependencies) = postProject
		{6516AE4E-8837-3E75-BA62-3BC37748B6D2} = {6516AE4E-8837-3E75-BA62-3BC37748B6D2}
		{68E2375B-B987-39E6-90C4-3259C0591567} = {68E2375B-B987-39E6-90C4-3259C0591567}
	EndProjectSection
EndProject
Project("{8BC9CEB8-8B4A-11D0-8D11-00A0C91BC942}") = "fuzz_asm_hex", "suite\fuzz\fuzz_asm_hex.vcxproj", "{37EA148B-E3EF-3432-B46C-4C7D722AAF37}"
	ProjectSection(ProjectDependencies) = postProject
		{6516AE4E-8837-3E75-BA62-3BC37748B6D2} = {6516AE4E-8837-3E75-BA62-3BC37748B6D2}
		{68E2375B-B987-39E6-90C4-3259C0591567} = {68E2375B-B987-39E6-90C4-3259C0591567}
	EndProjectSection
EndProject
Project("{8BC9CEB8-8B4A-11D0-8D11-00A0C91BC942}") = "fuzz_asm_mips", "suite\fuzz\fuzz_asm_mips.vcxproj", "{7B2E20E7-9027-325D-9075-E674DA70633D}"
	ProjectSection(ProjectDependencies) = postProject
		{6516AE4E-8837-3E75-BA62-3BC37748B6D2} = {6516AE4E-8837-3E75-BA62-3BC37748B6D2}
		{68E2375B-B987-39E6-90C4-3259C0591567} = {68E2375B-B987-39E6-90C4-3259C0591567}
	EndProjectSection
EndProject
Project("{8BC9CEB8-8B4A-11D0-8D11-00A0C91BC942}") = "fuzz_asm_mips64", "suite\fuzz\fuzz_asm_mips64.vcxproj", "{BE0D312D-9030-387B-8700-20BE443842EE}"
	ProjectSection(ProjectDependencies) = postProject
		{6516AE4E-8837-3E75-BA62-3BC37748B6D2} = {6516AE4E-8837-3E75-BA62-3BC37748B6D2}
		{68E2375B-B987-39E6-90C4-3259C0591567} = {68E2375B-B987-39E6-90C4-3259C0591567}
	EndProjectSection
EndProject
Project("{8BC9CEB8-8B4A-11D0-8D11-00A0C91BC942}") = "fuzz_asm_mips64be", "suite\fuzz\fuzz_asm_mips64be.vcxproj", "{2BF8F4F6-9EA3-3BD4-8701-E29ED6D9E005}"
	ProjectSection(ProjectDependencies) = postProject
		{6516AE4E-8837-3E75-BA62-3BC37748B6D2} = {6516AE4E-8837-3E75-BA62-3BC37748B6D2}
		{68E2375B-B987-39E6-90C4-3259C0591567} = {68E2375B-B987-39E6-90C4-3259C0591567}
	EndProjectSection
EndProject
Project("{8BC9CEB8-8B4A-11D0-8D11-00A0C91BC942}") = "fuzz_asm_mipsbe", "suite\fuzz\fuzz_asm_mipsbe.vcxproj", "{2E2F62EA-0693-31F4-926A-06E6318F8313}"
	ProjectSection(ProjectDependencies) = postProject
		{6516AE4E-8837-3E75-BA62-3BC37748B6D2} = {6516AE4E-8837-3E75-BA62-3BC37748B6D2}
		{68E2375B-B987-39E6-90C4-3259C0591567} = {68E2375B-B987-39E6-90C4-3259C0591567}
	EndProjectSection
EndProject
Project("{8BC9CEB8-8B4A-11D0-8D11-00A0C91BC942}") = "fuzz_asm_ppc32be", "suite\fuzz\fuzz_asm_ppc32be.vcxproj", "{6FD8DD1A-D44A-3485-9D5A-2D9BA1E98E4E}"
	ProjectSection(ProjectDependencies) = postProject
		{6516AE4E-8837-3E75-BA62-3BC37748B6D2} = {6516AE4E-8837-3E75-BA62-3BC37748B6D2}
		{68E2375B-B987-39E6-90C4-3259C0591567} = {68E2375B-B987-39E6-90C4-3259C0591567}
	EndProjectSection
EndProject
Project("{8BC9CEB8-8B4A-11D0-8D11-00A0C91BC942}") = "fuzz_asm_ppc64", "suite\fuzz\fuzz_asm_ppc64.vcxproj", "{B2D2EBE5-BEC0-39D8-B4A4-14190AC19385}"
	ProjectSection(ProjectDependencies) = postProject
		{6516AE4E-8837-3E75-BA62-3BC37748B6D2} = {6516AE4E-8837-3E75-BA62-3BC37748B6D2}
		{68E2375B-B987-39E6-90C4-3259C0591567} = {68E2375B-B987-39E6-90C4-3259C0591567}
	EndProjectSection
EndProject
Project("{8BC9CEB8-8B4A-11D0-8D11-00A0C91BC942}") = "fuzz_asm_ppc64be", "suite\fuzz\fuzz_asm_ppc64be.vcxproj", "{E2585CF3-48F8-360D-B9F0-E3CDB052DAAD}"
	ProjectSection(ProjectDependencies) = postProject
		{6516AE4E-8837-3E75-BA62-3BC37748B6D2} = {6516AE4E-8837-3E75-BA62-3BC37748B6D2}
		{68E2375B-B987-39E6-90C4-3259C0591567} = {68E2375B-B987-39E6-90C4-3259C0591567}
	EndProjectSection
EndProject
Project("{8BC9CEB8-8B4A-11D0-8D11-00A0C91BC942}") = "fuzz_asm_sparc", "suite\fuzz\fuzz_asm_sparc.vcxproj", "{0B68D774-686E-3BD5-945B-A01E1D151428}"
	ProjectSection(ProjectDependencies) = postProject
		{6516AE4E-8837-3E75-BA62-3BC37748B6D2} = {6516AE4E-8837-3E75-BA62-3BC37748B6D2}
		{68E2375B-B987-39E6-90C4-3259C0591567} = {68E2375B-B987-39E6-90C4-3259C0591567}
	EndProjectSection
EndProject
Project("{8BC9CEB8-8B4A-11D0-8D11-00A0C91BC942}") = "fuzz_asm_sparc64be", "suite\fuzz\fuzz_asm_sparc64be.vcxproj", "{DABC88D5-359F-3C61-9530-8515C2160195}"
	ProjectSection(ProjectDependencies) = postProject
		{6516AE4E-8837-3E75-BA62-3BC37748B6D2} = {6516AE4E-8837-3E75-BA62-3BC37748B6D2}
		{68E2375B-B987-39E6-90C4-3259C0591567} = {68E2375B-B987-39E6-90C4-3259C0591567}
	EndProjectSection
EndProject
Project("{8BC9CEB8-8B4A-11D0-8D11-00A0C91BC942}") = "fuzz_asm_sparcbe", "suite\fuzz\fuzz_asm_sparcbe.vcxproj", "{567FA026-A1C6-3E70-B066-38A5FFD1B260}"
	ProjectSection(ProjectDependencies) = postProject
		{6516AE4E-8837-3E75-BA62-3BC37748B6D2} = {6516AE4E-8837-3E75-BA62-3BC37748B6D2}
		{68E2375B-B987-39E6-90C4-3259C0591567} = {68E2375B-B987-39E6-90C4-3259C0591567}
	EndProjectSection
EndProject
Project("{8BC9CEB8-8B4A-11D0-8D11-00A0C91BC942}") = "fuzz_asm_systemz", "suite\fuzz\fuzz_asm_systemz.vcxproj", "{803F76E0-CAAD-30C8-BCB5-A9302C04470F}"
	ProjectSection(ProjectDependencies) = postProject
		{6516AE4E-8837-3E75-BA62-3BC37748B6D2} = {6516AE4E-8837-3E75-BA62-3BC37748B6D2}
		{68E2375B-B987-39E6-90C4-3259C0591567} = {68E2375B-B987-39E6-90C4-3259C0591567}
	EndProjectSection
EndProject
Project("{8BC9CEB8-8B4A-11D0-8D11-00A0C91BC942}") = "fuzz_asm_x86_16", "suite\fuzz\fuzz_asm_x86_16.vcxproj", "{F08491B9-40AA-335C-91A2-61DC9DCB0508}"
	ProjectSection(ProjectDependencies) = postProject
		{6516AE4E-8837-3E75-BA62-3BC37748B6D2} = {6516AE4E-8837-3E75-BA62-3BC37748B6D2}
		{68E2375B-B987-39E6-90C4-3259C0591567} = {68E2375B-B987-39E6-90C4-3259C0591567}
	EndProjectSection
EndProject
Project("{8BC9CEB8-8B4A-11D0-8D11-00A0C91BC942}") = "fuzz_asm_x86_32", "suite\fuzz\fuzz_asm_x86_32.vcxproj", "{B037DF51-C379-35B1-8DB8-EDC7A65CE89B}"
	ProjectSection(ProjectDependencies) = postProject
		{6516AE4E-8837-3E75-BA62-3BC37748B6D2} = {6516AE4E-8837-3E75-BA62-3BC37748B6D2}
		{68E2375B-B987-39E6-90C4-3259C0591567} = {68E2375B-B987-39E6-90C4-3259C0591567}
	EndProjectSection
EndProject
Project("{8BC9CEB8-8B4A-11D0-8D11-00A0C91BC942}") = "fuzz_asm_x86_64", "suite\fuzz\fuzz_asm_x86_64.vcxproj", "{D7C9BB3D-418D-3C52-8FA4-0473449DDF1A}"
	ProjectSection(ProjectDependencies) = postProject
		{6516AE4E-8837-3E75-BA62-3BC37748B6D2} = {6516AE4E-8837-3E75-BA62-3BC37748B6D2}
		{68E2375B-B987-39E6-90C4-3259C0591567} = {68E2375B-B987-39E6-90C4-3259C0591567}
	EndProjectSection
EndProject
Project("{8BC9CEB8-8B4A-11D0-8D11-00A0C91BC942}") = "keystone", "llvm\keystone\keystone.vcxproj", "{68E2375B-B987-39E6-90C4-3259C0591567}"
	ProjectSection(ProjectDependencies) = postProject
		{6516AE4E-8837-3E75-BA62-3BC37748B6D2} = {6516AE4E-8837-3E75-BA62-3BC37748B6D2}
	EndProjectSection
EndProject
Project("{8BC9CEB8-8B4A-11D0-8D11-00A0C91BC942}") = "kstool", "kstool\kstool.vcxproj", "{F69488F1-1BAF-3CB1-97C4-D9BC22837EDC}"
	ProjectSection(ProjectDependencies) = postProject
		{6516AE4E-8837-3E75-BA62-3BC37748B6D2} = {6516AE4E-8837-3E75-BA62-3BC37748B6D2}
		{68E2375B-B987-39E6-90C4-3259C0591567} = {68E2375B-B987-39E6-90C4-3259C0591567}
	EndProjectSection
EndProject
Project("{8BC9CEB8-8B4A-11D0-8D11-00A0C91BC942}") = "uninstall", "uninstall.vcxproj", "{F6764206-FACE-3829-9A0E-8AD2CC196042}"
	ProjectSection(ProjectDependencies) = postProject
		{6516AE4E-8837-3E75-BA62-3BC37748B6D2} = {6516AE4E-8837-3E75-BA62-3BC37748B6D2}
	EndProjectSection
EndProject
Project("{2150E333-8FDC-42A3-9474-1A3956D46DE8}") = "测试", "测试", "{527C811A-4D97-4B7F-9346-C1F2FD98CD30}"
EndProject
Project("{2150E333-8FDC-42A3-9474-1A3956D46DE8}") = "fuzz", "fuzz", "{770D70F2-F4C0-44F3-B875-D854CABA3A4E}"
EndProject
Project("{8BC9CEB8-8B4A-11D0-8D11-00A0C91BC942}") = "ASMConverter", "TestDemo\ASMConverter\ASMConverter.vcxproj", "{98DD5436-B6B0-48AE-92EE-B1AD652C9C13}"
EndProject
Global
	GlobalSection(SolutionConfigurationPlatforms) = preSolution
		Debug|x64 = Debug|x64
		Debug|x86 = Debug|x86
		MinSizeRel|x64 = MinSizeRel|x64
		MinSizeRel|x86 = MinSizeRel|x86
		Release|x64 = Release|x64
		Release|x86 = Release|x86
		RelWithDebInfo|x64 = RelWithDebInfo|x64
		RelWithDebInfo|x86 = RelWithDebInfo|x86
	EndGlobalSection
	GlobalSection(ProjectConfigurationPlatforms) = postSolution
		{930796A0-629B-3FA9-B644-27DBCB157649}.Debug|x64.ActiveCfg = Debug|x64
		{930796A0-629B-3FA9-B644-27DBCB157649}.Debug|x64.Build.0 = Debug|x64
		{930796A0-629B-3FA9-B644-27DBCB157649}.Debug|x86.ActiveCfg = Debug|x64
		{930796A0-629B-3FA9-B644-27DBCB157649}.MinSizeRel|x64.ActiveCfg = MinSizeRel|x64
		{930796A0-629B-3FA9-B644-27DBCB157649}.MinSizeRel|x64.Build.0 = MinSizeRel|x64
		{930796A0-629B-3FA9-B644-27DBCB157649}.MinSizeRel|x86.ActiveCfg = MinSizeRel|x64
		{930796A0-629B-3FA9-B644-27DBCB157649}.Release|x64.ActiveCfg = Release|x64
		{930796A0-629B-3FA9-B644-27DBCB157649}.Release|x64.Build.0 = Release|x64
		{930796A0-629B-3FA9-B644-27DBCB157649}.Release|x86.ActiveCfg = Release|x64
		{930796A0-629B-3FA9-B644-27DBCB157649}.RelWithDebInfo|x64.ActiveCfg = RelWithDebInfo|x64
		{930796A0-629B-3FA9-B644-27DBCB157649}.RelWithDebInfo|x64.Build.0 = RelWithDebInfo|x64
		{930796A0-629B-3FA9-B644-27DBCB157649}.RelWithDebInfo|x86.ActiveCfg = RelWithDebInfo|x64
		{739580A5-1CCC-3FAF-B9A8-CCBD82DBE38F}.Debug|x64.ActiveCfg = Debug|x64
		{739580A5-1CCC-3FAF-B9A8-CCBD82DBE38F}.Debug|x86.ActiveCfg = Debug|x64
		{739580A5-1CCC-3FAF-B9A8-CCBD82DBE38F}.MinSizeRel|x64.ActiveCfg = MinSizeRel|x64
		{739580A5-1CCC-3FAF-B9A8-CCBD82DBE38F}.MinSizeRel|x86.ActiveCfg = MinSizeRel|x64
		{739580A5-1CCC-3FAF-B9A8-CCBD82DBE38F}.Release|x64.ActiveCfg = Release|x64
		{739580A5-1CCC-3FAF-B9A8-CCBD82DBE38F}.Release|x86.ActiveCfg = Release|x64
		{739580A5-1CCC-3FAF-B9A8-CCBD82DBE38F}.RelWithDebInfo|x64.ActiveCfg = RelWithDebInfo|x64
		{739580A5-1CCC-3FAF-B9A8-CCBD82DBE38F}.RelWithDebInfo|x86.ActiveCfg = RelWithDebInfo|x64
		{47CE06DE-F506-3E36-BEA4-C5ECFB35375E}.Debug|x64.ActiveCfg = Debug|x64
		{47CE06DE-F506-3E36-BEA4-C5ECFB35375E}.Debug|x86.ActiveCfg = Debug|x64
		{47CE06DE-F506-3E36-BEA4-C5ECFB35375E}.MinSizeRel|x64.ActiveCfg = MinSizeRel|x64
		{47CE06DE-F506-3E36-BEA4-C5ECFB35375E}.MinSizeRel|x86.ActiveCfg = MinSizeRel|x64
		{47CE06DE-F506-3E36-BEA4-C5ECFB35375E}.Release|x64.ActiveCfg = Release|x64
		{47CE06DE-F506-3E36-BEA4-C5ECFB35375E}.Release|x86.ActiveCfg = Release|x64
		{47CE06DE-F506-3E36-BEA4-C5ECFB35375E}.RelWithDebInfo|x64.ActiveCfg = RelWithDebInfo|x64
		{47CE06DE-F506-3E36-BEA4-C5ECFB35375E}.RelWithDebInfo|x86.ActiveCfg = RelWithDebInfo|x64
		{6516AE4E-8837-3E75-BA62-3BC37748B6D2}.Debug|x64.ActiveCfg = Debug|x64
		{6516AE4E-8837-3E75-BA62-3BC37748B6D2}.Debug|x64.Build.0 = Debug|x64
		{6516AE4E-8837-3E75-BA62-3BC37748B6D2}.Debug|x86.ActiveCfg = Debug|x64
		{6516AE4E-8837-3E75-BA62-3BC37748B6D2}.MinSizeRel|x64.ActiveCfg = MinSizeRel|x64
		{6516AE4E-8837-3E75-BA62-3BC37748B6D2}.MinSizeRel|x64.Build.0 = MinSizeRel|x64
		{6516AE4E-8837-3E75-BA62-3BC37748B6D2}.MinSizeRel|x86.ActiveCfg = MinSizeRel|x64
		{6516AE4E-8837-3E75-BA62-3BC37748B6D2}.Release|x64.ActiveCfg = Release|x64
		{6516AE4E-8837-3E75-BA62-3BC37748B6D2}.Release|x64.Build.0 = Release|x64
		{6516AE4E-8837-3E75-BA62-3BC37748B6D2}.Release|x86.ActiveCfg = Release|x64
		{6516AE4E-8837-3E75-BA62-3BC37748B6D2}.RelWithDebInfo|x64.ActiveCfg = RelWithDebInfo|x64
		{6516AE4E-8837-3E75-BA62-3BC37748B6D2}.RelWithDebInfo|x64.Build.0 = RelWithDebInfo|x64
		{6516AE4E-8837-3E75-BA62-3BC37748B6D2}.RelWithDebInfo|x86.ActiveCfg = RelWithDebInfo|x64
		{FB52B69D-66E9-3C70-B494-E9531F0D36B2}.Debug|x64.ActiveCfg = Debug|x64
		{FB52B69D-66E9-3C70-B494-E9531F0D36B2}.Debug|x64.Build.0 = Debug|x64
		{FB52B69D-66E9-3C70-B494-E9531F0D36B2}.Debug|x86.ActiveCfg = Debug|x64
		{FB52B69D-66E9-3C70-B494-E9531F0D36B2}.MinSizeRel|x64.ActiveCfg = MinSizeRel|x64
		{FB52B69D-66E9-3C70-B494-E9531F0D36B2}.MinSizeRel|x64.Build.0 = MinSizeRel|x64
		{FB52B69D-66E9-3C70-B494-E9531F0D36B2}.MinSizeRel|x86.ActiveCfg = MinSizeRel|x64
		{FB52B69D-66E9-3C70-B494-E9531F0D36B2}.Release|x64.ActiveCfg = Release|x64
		{FB52B69D-66E9-3C70-B494-E9531F0D36B2}.Release|x64.Build.0 = Release|x64
		{FB52B69D-66E9-3C70-B494-E9531F0D36B2}.Release|x86.ActiveCfg = Release|x64
		{FB52B69D-66E9-3C70-B494-E9531F0D36B2}.RelWithDebInfo|x64.ActiveCfg = RelWithDebInfo|x64
		{FB52B69D-66E9-3C70-B494-E9531F0D36B2}.RelWithDebInfo|x64.Build.0 = RelWithDebInfo|x64
		{FB52B69D-66E9-3C70-B494-E9531F0D36B2}.RelWithDebInfo|x86.ActiveCfg = RelWithDebInfo|x64
		{9841FD78-19BB-356A-9F58-2262DB49087B}.Debug|x64.ActiveCfg = Debug|x64
		{9841FD78-19BB-356A-9F58-2262DB49087B}.Debug|x64.Build.0 = Debug|x64
		{9841FD78-19BB-356A-9F58-2262DB49087B}.Debug|x86.ActiveCfg = Debug|x64
		{9841FD78-19BB-356A-9F58-2262DB49087B}.MinSizeRel|x64.ActiveCfg = MinSizeRel|x64
		{9841FD78-19BB-356A-9F58-2262DB49087B}.MinSizeRel|x64.Build.0 = MinSizeRel|x64
		{9841FD78-19BB-356A-9F58-2262DB49087B}.MinSizeRel|x86.ActiveCfg = MinSizeRel|x64
		{9841FD78-19BB-356A-9F58-2262DB49087B}.Release|x64.ActiveCfg = Release|x64
		{9841FD78-19BB-356A-9F58-2262DB49087B}.Release|x64.Build.0 = Release|x64
		{9841FD78-19BB-356A-9F58-2262DB49087B}.Release|x86.ActiveCfg = Release|x64
		{9841FD78-19BB-356A-9F58-2262DB49087B}.RelWithDebInfo|x64.ActiveCfg = RelWithDebInfo|x64
		{9841FD78-19BB-356A-9F58-2262DB49087B}.RelWithDebInfo|x64.Build.0 = RelWithDebInfo|x64
		{9841FD78-19BB-356A-9F58-2262DB49087B}.RelWithDebInfo|x86.ActiveCfg = RelWithDebInfo|x64
		{51EB83DA-D765-3ADF-96BF-FA438298E960}.Debug|x64.ActiveCfg = Debug|x64
		{51EB83DA-D765-3ADF-96BF-FA438298E960}.Debug|x64.Build.0 = Debug|x64
		{51EB83DA-D765-3ADF-96BF-FA438298E960}.Debug|x86.ActiveCfg = Debug|x64
		{51EB83DA-D765-3ADF-96BF-FA438298E960}.MinSizeRel|x64.ActiveCfg = MinSizeRel|x64
		{51EB83DA-D765-3ADF-96BF-FA438298E960}.MinSizeRel|x64.Build.0 = MinSizeRel|x64
		{51EB83DA-D765-3ADF-96BF-FA438298E960}.MinSizeRel|x86.ActiveCfg = MinSizeRel|x64
		{51EB83DA-D765-3ADF-96BF-FA438298E960}.Release|x64.ActiveCfg = Release|x64
		{51EB83DA-D765-3ADF-96BF-FA438298E960}.Release|x64.Build.0 = Release|x64
		{51EB83DA-D765-3ADF-96BF-FA438298E960}.Release|x86.ActiveCfg = Release|x64
		{51EB83DA-D765-3ADF-96BF-FA438298E960}.RelWithDebInfo|x64.ActiveCfg = RelWithDebInfo|x64
		{51EB83DA-D765-3ADF-96BF-FA438298E960}.RelWithDebInfo|x64.Build.0 = RelWithDebInfo|x64
		{51EB83DA-D765-3ADF-96BF-FA438298E960}.RelWithDebInfo|x86.ActiveCfg = RelWithDebInfo|x64
		{C9F8EE43-0606-3F8F-A352-22EF7CEB0C44}.Debug|x64.ActiveCfg = Debug|x64
		{C9F8EE43-0606-3F8F-A352-22EF7CEB0C44}.Debug|x64.Build.0 = Debug|x64
		{C9F8EE43-0606-3F8F-A352-22EF7CEB0C44}.Debug|x86.ActiveCfg = Debug|x64
		{C9F8EE43-0606-3F8F-A352-22EF7CEB0C44}.MinSizeRel|x64.ActiveCfg = MinSizeRel|x64
		{C9F8EE43-0606-3F8F-A352-22EF7CEB0C44}.MinSizeRel|x64.Build.0 = MinSizeRel|x64
		{C9F8EE43-0606-3F8F-A352-22EF7CEB0C44}.MinSizeRel|x86.ActiveCfg = MinSizeRel|x64
		{C9F8EE43-0606-3F8F-A352-22EF7CEB0C44}.Release|x64.ActiveCfg = Release|x64
		{C9F8EE43-0606-3F8F-A352-22EF7CEB0C44}.Release|x64.Build.0 = Release|x64
		{C9F8EE43-0606-3F8F-A352-22EF7CEB0C44}.Release|x86.ActiveCfg = Release|x64
		{C9F8EE43-0606-3F8F-A352-22EF7CEB0C44}.RelWithDebInfo|x64.ActiveCfg = RelWithDebInfo|x64
		{C9F8EE43-0606-3F8F-A352-22EF7CEB0C44}.RelWithDebInfo|x64.Build.0 = RelWithDebInfo|x64
		{C9F8EE43-0606-3F8F-A352-22EF7CEB0C44}.RelWithDebInfo|x86.ActiveCfg = RelWithDebInfo|x64
		{C9A9D836-DD41-378D-9312-18D0F8AE05DD}.Debug|x64.ActiveCfg = Debug|x64
		{C9A9D836-DD41-378D-9312-18D0F8AE05DD}.Debug|x64.Build.0 = Debug|x64
		{C9A9D836-DD41-378D-9312-18D0F8AE05DD}.Debug|x86.ActiveCfg = Debug|x64
		{C9A9D836-DD41-378D-9312-18D0F8AE05DD}.MinSizeRel|x64.ActiveCfg = MinSizeRel|x64
		{C9A9D836-DD41-378D-9312-18D0F8AE05DD}.MinSizeRel|x64.Build.0 = MinSizeRel|x64
		{C9A9D836-DD41-378D-9312-18D0F8AE05DD}.MinSizeRel|x86.ActiveCfg = MinSizeRel|x64
		{C9A9D836-DD41-378D-9312-18D0F8AE05DD}.Release|x64.ActiveCfg = Release|x64
		{C9A9D836-DD41-378D-9312-18D0F8AE05DD}.Release|x64.Build.0 = Release|x64
		{C9A9D836-DD41-378D-9312-18D0F8AE05DD}.Release|x86.ActiveCfg = Release|x64
		{C9A9D836-DD41-378D-9312-18D0F8AE05DD}.RelWithDebInfo|x64.ActiveCfg = RelWithDebInfo|x64
		{C9A9D836-DD41-378D-9312-18D0F8AE05DD}.RelWithDebInfo|x64.Build.0 = RelWithDebInfo|x64
		{C9A9D836-DD41-378D-9312-18D0F8AE05DD}.RelWithDebInfo|x86.ActiveCfg = RelWithDebInfo|x64
		{BB9DEB50-7318-3B33-95FE-5C6F875434F3}.Debug|x64.ActiveCfg = Debug|x64
		{BB9DEB50-7318-3B33-95FE-5C6F875434F3}.Debug|x64.Build.0 = Debug|x64
		{BB9DEB50-7318-3B33-95FE-5C6F875434F3}.Debug|x86.ActiveCfg = Debug|x64
		{BB9DEB50-7318-3B33-95FE-5C6F875434F3}.MinSizeRel|x64.ActiveCfg = MinSizeRel|x64
		{BB9DEB50-7318-3B33-95FE-5C6F875434F3}.MinSizeRel|x64.Build.0 = MinSizeRel|x64
		{BB9DEB50-7318-3B33-95FE-5C6F875434F3}.MinSizeRel|x86.ActiveCfg = MinSizeRel|x64
		{BB9DEB50-7318-3B33-95FE-5C6F875434F3}.Release|x64.ActiveCfg = Release|x64
		{BB9DEB50-7318-3B33-95FE-5C6F875434F3}.Release|x64.Build.0 = Release|x64
		{BB9DEB50-7318-3B33-95FE-5C6F875434F3}.Release|x86.ActiveCfg = Release|x64
		{BB9DEB50-7318-3B33-95FE-5C6F875434F3}.RelWithDebInfo|x64.ActiveCfg = RelWithDebInfo|x64
		{BB9DEB50-7318-3B33-95FE-5C6F875434F3}.RelWithDebInfo|x64.Build.0 = RelWithDebInfo|x64
		{BB9DEB50-7318-3B33-95FE-5C6F875434F3}.RelWithDebInfo|x86.ActiveCfg = RelWithDebInfo|x64
		{EDA40DAF-276A-3CFC-81D6-0ECF87572641}.Debug|x64.ActiveCfg = Debug|x64
		{EDA40DAF-276A-3CFC-81D6-0ECF87572641}.Debug|x64.Build.0 = Debug|x64
		{EDA40DAF-276A-3CFC-81D6-0ECF87572641}.Debug|x86.ActiveCfg = Debug|x64
		{EDA40DAF-276A-3CFC-81D6-0ECF87572641}.MinSizeRel|x64.ActiveCfg = MinSizeRel|x64
		{EDA40DAF-276A-3CFC-81D6-0ECF87572641}.MinSizeRel|x64.Build.0 = MinSizeRel|x64
		{EDA40DAF-276A-3CFC-81D6-0ECF87572641}.MinSizeRel|x86.ActiveCfg = MinSizeRel|x64
		{EDA40DAF-276A-3CFC-81D6-0ECF87572641}.Release|x64.ActiveCfg = Release|x64
		{EDA40DAF-276A-3CFC-81D6-0ECF87572641}.Release|x64.Build.0 = Release|x64
		{EDA40DAF-276A-3CFC-81D6-0ECF87572641}.Release|x86.ActiveCfg = Release|x64
		{EDA40DAF-276A-3CFC-81D6-0ECF87572641}.RelWithDebInfo|x64.ActiveCfg = RelWithDebInfo|x64
		{EDA40DAF-276A-3CFC-81D6-0ECF87572641}.RelWithDebInfo|x64.Build.0 = RelWithDebInfo|x64
		{EDA40DAF-276A-3CFC-81D6-0ECF87572641}.RelWithDebInfo|x86.ActiveCfg = RelWithDebInfo|x64
		{F87B9286-D20A-39EC-8684-657ABBC6D6E2}.Debug|x64.ActiveCfg = Debug|x64
		{F87B9286-D20A-39EC-8684-657ABBC6D6E2}.Debug|x64.Build.0 = Debug|x64
		{F87B9286-D20A-39EC-8684-657ABBC6D6E2}.Debug|x86.ActiveCfg = Debug|x64
		{F87B9286-D20A-39EC-8684-657ABBC6D6E2}.MinSizeRel|x64.ActiveCfg = MinSizeRel|x64
		{F87B9286-D20A-39EC-8684-657ABBC6D6E2}.MinSizeRel|x64.Build.0 = MinSizeRel|x64
		{F87B9286-D20A-39EC-8684-657ABBC6D6E2}.MinSizeRel|x86.ActiveCfg = MinSizeRel|x64
		{F87B9286-D20A-39EC-8684-657ABBC6D6E2}.Release|x64.ActiveCfg = Release|x64
		{F87B9286-D20A-39EC-8684-657ABBC6D6E2}.Release|x64.Build.0 = Release|x64
		{F87B9286-D20A-39EC-8684-657ABBC6D6E2}.Release|x86.ActiveCfg = Release|x64
		{F87B9286-D20A-39EC-8684-657ABBC6D6E2}.RelWithDebInfo|x64.ActiveCfg = RelWithDebInfo|x64
		{F87B9286-D20A-39EC-8684-657ABBC6D6E2}.RelWithDebInfo|x64.Build.0 = RelWithDebInfo|x64
		{F87B9286-D20A-39EC-8684-657ABBC6D6E2}.RelWithDebInfo|x86.ActiveCfg = RelWithDebInfo|x64
		{F7F6CF1B-409D-30E8-91A1-B0D7C6CFDD23}.Debug|x64.ActiveCfg = Debug|x64
		{F7F6CF1B-409D-30E8-91A1-B0D7C6CFDD23}.Debug|x64.Build.0 = Debug|x64
		{F7F6CF1B-409D-30E8-91A1-B0D7C6CFDD23}.Debug|x86.ActiveCfg = Debug|x64
		{F7F6CF1B-409D-30E8-91A1-B0D7C6CFDD23}.MinSizeRel|x64.ActiveCfg = MinSizeRel|x64
		{F7F6CF1B-409D-30E8-91A1-B0D7C6CFDD23}.MinSizeRel|x64.Build.0 = MinSizeRel|x64
		{F7F6CF1B-409D-30E8-91A1-B0D7C6CFDD23}.MinSizeRel|x86.ActiveCfg = MinSizeRel|x64
		{F7F6CF1B-409D-30E8-91A1-B0D7C6CFDD23}.Release|x64.ActiveCfg = Release|x64
		{F7F6CF1B-409D-30E8-91A1-B0D7C6CFDD23}.Release|x64.Build.0 = Release|x64
		{F7F6CF1B-409D-30E8-91A1-B0D7C6CFDD23}.Release|x86.ActiveCfg = Release|x64
		{F7F6CF1B-409D-30E8-91A1-B0D7C6CFDD23}.RelWithDebInfo|x64.ActiveCfg = RelWithDebInfo|x64
		{F7F6CF1B-409D-30E8-91A1-B0D7C6CFDD23}.RelWithDebInfo|x64.Build.0 = RelWithDebInfo|x64
		{F7F6CF1B-409D-30E8-91A1-B0D7C6CFDD23}.RelWithDebInfo|x86.ActiveCfg = RelWithDebInfo|x64
		{77ADBD58-FAAB-39B3-AB76-D966BCAACE2C}.Debug|x64.ActiveCfg = Debug|x64
		{77ADBD58-FAAB-39B3-AB76-D966BCAACE2C}.Debug|x64.Build.0 = Debug|x64
		{77ADBD58-FAAB-39B3-AB76-D966BCAACE2C}.Debug|x86.ActiveCfg = Debug|x64
		{77ADBD58-FAAB-39B3-AB76-D966BCAACE2C}.MinSizeRel|x64.ActiveCfg = MinSizeRel|x64
		{77ADBD58-FAAB-39B3-AB76-D966BCAACE2C}.MinSizeRel|x64.Build.0 = MinSizeRel|x64
		{77ADBD58-FAAB-39B3-AB76-D966BCAACE2C}.MinSizeRel|x86.ActiveCfg = MinSizeRel|x64
		{77ADBD58-FAAB-39B3-AB76-D966BCAACE2C}.Release|x64.ActiveCfg = Release|x64
		{77ADBD58-FAAB-39B3-AB76-D966BCAACE2C}.Release|x64.Build.0 = Release|x64
		{77ADBD58-FAAB-39B3-AB76-D966BCAACE2C}.Release|x86.ActiveCfg = Release|x64
		{77ADBD58-FAAB-39B3-AB76-D966BCAACE2C}.RelWithDebInfo|x64.ActiveCfg = RelWithDebInfo|x64
		{77ADBD58-FAAB-39B3-AB76-D966BCAACE2C}.RelWithDebInfo|x64.Build.0 = RelWithDebInfo|x64
		{77ADBD58-FAAB-39B3-AB76-D966BCAACE2C}.RelWithDebInfo|x86.ActiveCfg = RelWithDebInfo|x64
		{37EA148B-E3EF-3432-B46C-4C7D722AAF37}.Debug|x64.ActiveCfg = Debug|x64
		{37EA148B-E3EF-3432-B46C-4C7D722AAF37}.Debug|x64.Build.0 = Debug|x64
		{37EA148B-E3EF-3432-B46C-4C7D722AAF37}.Debug|x86.ActiveCfg = Debug|x64
		{37EA148B-E3EF-3432-B46C-4C7D722AAF37}.MinSizeRel|x64.ActiveCfg = MinSizeRel|x64
		{37EA148B-E3EF-3432-B46C-4C7D722AAF37}.MinSizeRel|x64.Build.0 = MinSizeRel|x64
		{37EA148B-E3EF-3432-B46C-4C7D722AAF37}.MinSizeRel|x86.ActiveCfg = MinSizeRel|x64
		{37EA148B-E3EF-3432-B46C-4C7D722AAF37}.Release|x64.ActiveCfg = Release|x64
		{37EA148B-E3EF-3432-B46C-4C7D722AAF37}.Release|x64.Build.0 = Release|x64
		{37EA148B-E3EF-3432-B46C-4C7D722AAF37}.Release|x86.ActiveCfg = Release|x64
		{37EA148B-E3EF-3432-B46C-4C7D722AAF37}.RelWithDebInfo|x64.ActiveCfg = RelWithDebInfo|x64
		{37EA148B-E3EF-3432-B46C-4C7D722AAF37}.RelWithDebInfo|x64.Build.0 = RelWithDebInfo|x64
		{37EA148B-E3EF-3432-B46C-4C7D722AAF37}.RelWithDebInfo|x86.ActiveCfg = RelWithDebInfo|x64
		{7B2E20E7-9027-325D-9075-E674DA70633D}.Debug|x64.ActiveCfg = Debug|x64
		{7B2E20E7-9027-325D-9075-E674DA70633D}.Debug|x64.Build.0 = Debug|x64
		{7B2E20E7-9027-325D-9075-E674DA70633D}.Debug|x86.ActiveCfg = Debug|x64
		{7B2E20E7-9027-325D-9075-E674DA70633D}.MinSizeRel|x64.ActiveCfg = MinSizeRel|x64
		{7B2E20E7-9027-325D-9075-E674DA70633D}.MinSizeRel|x64.Build.0 = MinSizeRel|x64
		{7B2E20E7-9027-325D-9075-E674DA70633D}.MinSizeRel|x86.ActiveCfg = MinSizeRel|x64
		{7B2E20E7-9027-325D-9075-E674DA70633D}.Release|x64.ActiveCfg = Release|x64
		{7B2E20E7-9027-325D-9075-E674DA70633D}.Release|x64.Build.0 = Release|x64
		{7B2E20E7-9027-325D-9075-E674DA70633D}.Release|x86.ActiveCfg = Release|x64
		{7B2E20E7-9027-325D-9075-E674DA70633D}.RelWithDebInfo|x64.ActiveCfg = RelWithDebInfo|x64
		{7B2E20E7-9027-325D-9075-E674DA70633D}.RelWithDebInfo|x64.Build.0 = RelWithDebInfo|x64
		{7B2E20E7-9027-325D-9075-E674DA70633D}.RelWithDebInfo|x86.ActiveCfg = RelWithDebInfo|x64
		{BE0D312D-9030-387B-8700-20BE443842EE}.Debug|x64.ActiveCfg = Debug|x64
		{BE0D312D-9030-387B-8700-20BE443842EE}.Debug|x64.Build.0 = Debug|x64
		{BE0D312D-9030-387B-8700-20BE443842EE}.Debug|x86.ActiveCfg = Debug|x64
		{BE0D312D-9030-387B-8700-20BE443842EE}.MinSizeRel|x64.ActiveCfg = MinSizeRel|x64
		{BE0D312D-9030-387B-8700-20BE443842EE}.MinSizeRel|x64.Build.0 = MinSizeRel|x64
		{BE0D312D-9030-387B-8700-20BE443842EE}.MinSizeRel|x86.ActiveCfg = MinSizeRel|x64
		{BE0D312D-9030-387B-8700-20BE443842EE}.Release|x64.ActiveCfg = Release|x64
		{BE0D312D-9030-387B-8700-20BE443842EE}.Release|x64.Build.0 = Release|x64
		{BE0D312D-9030-387B-8700-20BE443842EE}.Release|x86.ActiveCfg = Release|x64
		{BE0D312D-9030-387B-8700-20BE443842EE}.RelWithDebInfo|x64.ActiveCfg = RelWithDebInfo|x64
		{BE0D312D-9030-387B-8700-20BE443842EE}.RelWithDebInfo|x64.Build.0 = RelWithDebInfo|x64
		{BE0D312D-9030-387B-8700-20BE443842EE}.RelWithDebInfo|x86.ActiveCfg = RelWithDebInfo|x64
		{2BF8F4F6-9EA3-3BD4-8701-E29ED6D9E005}.Debug|x64.ActiveCfg = Debug|x64
		{2BF8F4F6-9EA3-3BD4-8701-E29ED6D9E005}.Debug|x64.Build.0 = Debug|x64
		{2BF8F4F6-9EA3-3BD4-8701-E29ED6D9E005}.Debug|x86.ActiveCfg = Debug|x64
		{2BF8F4F6-9EA3-3BD4-8701-E29ED6D9E005}.MinSizeRel|x64.ActiveCfg = MinSizeRel|x64
		{2BF8F4F6-9EA3-3BD4-8701-E29ED6D9E005}.MinSizeRel|x64.Build.0 = MinSizeRel|x64
		{2BF8F4F6-9EA3-3BD4-8701-E29ED6D9E005}.MinSizeRel|x86.ActiveCfg = MinSizeRel|x64
		{2BF8F4F6-9EA3-3BD4-8701-E29ED6D9E005}.Release|x64.ActiveCfg = Release|x64
		{2BF8F4F6-9EA3-3BD4-8701-E29ED6D9E005}.Release|x64.Build.0 = Release|x64
		{2BF8F4F6-9EA3-3BD4-8701-E29ED6D9E005}.Release|x86.ActiveCfg = Release|x64
		{2BF8F4F6-9EA3-3BD4-8701-E29ED6D9E005}.RelWithDebInfo|x64.ActiveCfg = RelWithDebInfo|x64
		{2BF8F4F6-9EA3-3BD4-8701-E29ED6D9E005}.RelWithDebInfo|x64.Build.0 = RelWithDebInfo|x64
		{2BF8F4F6-9EA3-3BD4-8701-E29ED6D9E005}.RelWithDebInfo|x86.ActiveCfg = RelWithDebInfo|x64
		{2E2F62EA-0693-31F4-926A-06E6318F8313}.Debug|x64.ActiveCfg = Debug|x64
		{2E2F62EA-0693-31F4-926A-06E6318F8313}.Debug|x64.Build.0 = Debug|x64
		{2E2F62EA-0693-31F4-926A-06E6318F8313}.Debug|x86.ActiveCfg = Debug|x64
		{2E2F62EA-0693-31F4-926A-06E6318F8313}.MinSizeRel|x64.ActiveCfg = MinSizeRel|x64
		{2E2F62EA-0693-31F4-926A-06E6318F8313}.MinSizeRel|x64.Build.0 = MinSizeRel|x64
		{2E2F62EA-0693-31F4-926A-06E6318F8313}.MinSizeRel|x86.ActiveCfg = MinSizeRel|x64
		{2E2F62EA-0693-31F4-926A-06E6318F8313}.Release|x64.ActiveCfg = Release|x64
		{2E2F62EA-0693-31F4-926A-06E6318F8313}.Release|x64.Build.0 = Release|x64
		{2E2F62EA-0693-31F4-926A-06E6318F8313}.Release|x86.ActiveCfg = Release|x64
		{2E2F62EA-0693-31F4-926A-06E6318F8313}.RelWithDebInfo|x64.ActiveCfg = RelWithDebInfo|x64
		{2E2F62EA-0693-31F4-926A-06E6318F8313}.RelWithDebInfo|x64.Build.0 = RelWithDebInfo|x64
		{2E2F62EA-0693-31F4-926A-06E6318F8313}.RelWithDebInfo|x86.ActiveCfg = RelWithDebInfo|x64
		{6FD8DD1A-D44A-3485-9D5A-2D9BA1E98E4E}.Debug|x64.ActiveCfg = Debug|x64
		{6FD8DD1A-D44A-3485-9D5A-2D9BA1E98E4E}.Debug|x64.Build.0 = Debug|x64
		{6FD8DD1A-D44A-3485-9D5A-2D9BA1E98E4E}.Debug|x86.ActiveCfg = Debug|x64
		{6FD8DD1A-D44A-3485-9D5A-2D9BA1E98E4E}.MinSizeRel|x64.ActiveCfg = MinSizeRel|x64
		{6FD8DD1A-D44A-3485-9D5A-2D9BA1E98E4E}.MinSizeRel|x64.Build.0 = MinSizeRel|x64
		{6FD8DD1A-D44A-3485-9D5A-2D9BA1E98E4E}.MinSizeRel|x86.ActiveCfg = MinSizeRel|x64
		{6FD8DD1A-D44A-3485-9D5A-2D9BA1E98E4E}.Release|x64.ActiveCfg = Release|x64
		{6FD8DD1A-D44A-3485-9D5A-2D9BA1E98E4E}.Release|x64.Build.0 = Release|x64
		{6FD8DD1A-D44A-3485-9D5A-2D9BA1E98E4E}.Release|x86.ActiveCfg = Release|x64
		{6FD8DD1A-D44A-3485-9D5A-2D9BA1E98E4E}.RelWithDebInfo|x64.ActiveCfg = RelWithDebInfo|x64
		{6FD8DD1A-D44A-3485-9D5A-2D9BA1E98E4E}.RelWithDebInfo|x64.Build.0 = RelWithDebInfo|x64
		{6FD8DD1A-D44A-3485-9D5A-2D9BA1E98E4E}.RelWithDebInfo|x86.ActiveCfg = RelWithDebInfo|x64
		{B2D2EBE5-BEC0-39D8-B4A4-14190AC19385}.Debug|x64.ActiveCfg = Debug|x64
		{B2D2EBE5-BEC0-39D8-B4A4-14190AC19385}.Debug|x64.Build.0 = Debug|x64
		{B2D2EBE5-BEC0-39D8-B4A4-14190AC19385}.Debug|x86.ActiveCfg = Debug|x64
		{B2D2EBE5-BEC0-39D8-B4A4-14190AC19385}.MinSizeRel|x64.ActiveCfg = MinSizeRel|x64
		{B2D2EBE5-BEC0-39D8-B4A4-14190AC19385}.MinSizeRel|x64.Build.0 = MinSizeRel|x64
		{B2D2EBE5-BEC0-39D8-B4A4-14190AC19385}.MinSizeRel|x86.ActiveCfg = MinSizeRel|x64
		{B2D2EBE5-BEC0-39D8-B4A4-14190AC19385}.Release|x64.ActiveCfg = Release|x64
		{B2D2EBE5-BEC0-39D8-B4A4-14190AC19385}.Release|x64.Build.0 = Release|x64
		{B2D2EBE5-BEC0-39D8-B4A4-14190AC19385}.Release|x86.ActiveCfg = Release|x64
		{B2D2EBE5-BEC0-39D8-B4A4-14190AC19385}.RelWithDebInfo|x64.ActiveCfg = RelWithDebInfo|x64
		{B2D2EBE5-BEC0-39D8-B4A4-14190AC19385}.RelWithDebInfo|x64.Build.0 = RelWithDebInfo|x64
		{B2D2EBE5-BEC0-39D8-B4A4-14190AC19385}.RelWithDebInfo|x86.ActiveCfg = RelWithDebInfo|x64
		{E2585CF3-48F8-360D-B9F0-E3CDB052DAAD}.Debug|x64.ActiveCfg = Debug|x64
		{E2585CF3-48F8-360D-B9F0-E3CDB052DAAD}.Debug|x64.Build.0 = Debug|x64
		{E2585CF3-48F8-360D-B9F0-E3CDB052DAAD}.Debug|x86.ActiveCfg = Debug|x64
		{E2585CF3-48F8-360D-B9F0-E3CDB052DAAD}.MinSizeRel|x64.ActiveCfg = MinSizeRel|x64
		{E2585CF3-48F8-360D-B9F0-E3CDB052DAAD}.MinSizeRel|x64.Build.0 = MinSizeRel|x64
		{E2585CF3-48F8-360D-B9F0-E3CDB052DAAD}.MinSizeRel|x86.ActiveCfg = MinSizeRel|x64
		{E2585CF3-48F8-360D-B9F0-E3CDB052DAAD}.Release|x64.ActiveCfg = Release|x64
		{E2585CF3-48F8-360D-B9F0-E3CDB052DAAD}.Release|x64.Build.0 = Release|x64
		{E2585CF3-48F8-360D-B9F0-E3CDB052DAAD}.Release|x86.ActiveCfg = Release|x64
		{E2585CF3-48F8-360D-B9F0-E3CDB052DAAD}.RelWithDebInfo|x64.ActiveCfg = RelWithDebInfo|x64
		{E2585CF3-48F8-360D-B9F0-E3CDB052DAAD}.RelWithDebInfo|x64.Build.0 = RelWithDebInfo|x64
		{E2585CF3-48F8-360D-B9F0-E3CDB052DAAD}.RelWithDebInfo|x86.ActiveCfg = RelWithDebInfo|x64
		{0B68D774-686E-3BD5-945B-A01E1D151428}.Debug|x64.ActiveCfg = Debug|x64
		{0B68D774-686E-3BD5-945B-A01E1D151428}.Debug|x64.Build.0 = Debug|x64
		{0B68D774-686E-3BD5-945B-A01E1D151428}.Debug|x86.ActiveCfg = Debug|x64
		{0B68D774-686E-3BD5-945B-A01E1D151428}.MinSizeRel|x64.ActiveCfg = MinSizeRel|x64
		{0B68D774-686E-3BD5-945B-A01E1D151428}.MinSizeRel|x64.Build.0 = MinSizeRel|x64
		{0B68D774-686E-3BD5-945B-A01E1D151428}.MinSizeRel|x86.ActiveCfg = MinSizeRel|x64
		{0B68D774-686E-3BD5-945B-A01E1D151428}.Release|x64.ActiveCfg = Release|x64
		{0B68D774-686E-3BD5-945B-A01E1D151428}.Release|x64.Build.0 = Release|x64
		{0B68D774-686E-3BD5-945B-A01E1D151428}.Release|x86.ActiveCfg = Release|x64
		{0B68D774-686E-3BD5-945B-A01E1D151428}.RelWithDebInfo|x64.ActiveCfg = RelWithDebInfo|x64
		{0B68D774-686E-3BD5-945B-A01E1D151428}.RelWithDebInfo|x64.Build.0 = RelWithDebInfo|x64
		{0B68D774-686E-3BD5-945B-A01E1D151428}.RelWithDebInfo|x86.ActiveCfg = RelWithDebInfo|x64
		{DABC88D5-359F-3C61-9530-8515C2160195}.Debug|x64.ActiveCfg = Debug|x64
		{DABC88D5-359F-3C61-9530-8515C2160195}.Debug|x64.Build.0 = Debug|x64
		{DABC88D5-359F-3C61-9530-8515C2160195}.Debug|x86.ActiveCfg = Debug|x64
		{DABC88D5-359F-3C61-9530-8515C2160195}.MinSizeRel|x64.ActiveCfg = MinSizeRel|x64
		{DABC88D5-359F-3C61-9530-8515C2160195}.MinSizeRel|x64.Build.0 = MinSizeRel|x64
		{DABC88D5-359F-3C61-9530-8515C2160195}.MinSizeRel|x86.ActiveCfg = MinSizeRel|x64
		{DABC88D5-359F-3C61-9530-8515C2160195}.Release|x64.ActiveCfg = Release|x64
		{DABC88D5-359F-3C61-9530-8515C2160195}.Release|x64.Build.0 = Release|x64
		{DABC88D5-359F-3C61-9530-8515C2160195}.Release|x86.ActiveCfg = Release|x64
		{DABC88D5-359F-3C61-9530-8515C2160195}.RelWithDebInfo|x64.ActiveCfg = RelWithDebInfo|x64
		{DABC88D5-359F-3C61-9530-8515C2160195}.RelWithDebInfo|x64.Build.0 = RelWithDebInfo|x64
		{DABC88D5-359F-3C61-9530-8515C2160195}.RelWithDebInfo|x86.ActiveCfg = RelWithDebInfo|x64
		{567FA026-A1C6-3E70-B066-38A5FFD1B260}.Debug|x64.ActiveCfg = Debug|x64
		{567FA026-A1C6-3E70-B066-38A5FFD1B260}.Debug|x64.Build.0 = Debug|x64
		{567FA026-A1C6-3E70-B066-38A5FFD1B260}.Debug|x86.ActiveCfg = Debug|x64
		{567FA026-A1C6-3E70-B066-38A5FFD1B260}.MinSizeRel|x64.ActiveCfg = MinSizeRel|x64
		{567FA026-A1C6-3E70-B066-38A5FFD1B260}.MinSizeRel|x64.Build.0 = MinSizeRel|x64
		{567FA026-A1C6-3E70-B066-38A5FFD1B260}.MinSizeRel|x86.ActiveCfg = MinSizeRel|x64
		{567FA026-A1C6-3E70-B066-38A5FFD1B260}.Release|x64.ActiveCfg = Release|x64
		{567FA026-A1C6-3E70-B066-38A5FFD1B260}.Release|x64.Build.0 = Release|x64
		{567FA026-A1C6-3E70-B066-38A5FFD1B260}.Release|x86.ActiveCfg = Release|x64
		{567FA026-A1C6-3E70-B066-38A5FFD1B260}.RelWithDebInfo|x64.ActiveCfg = RelWithDebInfo|x64
		{567FA026-A1C6-3E70-B066-38A5FFD1B260}.RelWithDebInfo|x64.Build.0 = RelWithDebInfo|x64
		{567FA026-A1C6-3E70-B066-38A5FFD1B260}.RelWithDebInfo|x86.ActiveCfg = RelWithDebInfo|x64
		{803F76E0-CAAD-30C8-BCB5-A9302C04470F}.Debug|x64.ActiveCfg = Debug|x64
		{803F76E0-CAAD-30C8-BCB5-A9302C04470F}.Debug|x64.Build.0 = Debug|x64
		{803F76E0-CAAD-30C8-BCB5-A9302C04470F}.Debug|x86.ActiveCfg = Debug|x64
		{803F76E0-CAAD-30C8-BCB5-A9302C04470F}.MinSizeRel|x64.ActiveCfg = MinSizeRel|x64
		{803F76E0-CAAD-30C8-BCB5-A9302C04470F}.MinSizeRel|x64.Build.0 = MinSizeRel|x64
		{803F76E0-CAAD-30C8-BCB5-A9302C04470F}.MinSizeRel|x86.ActiveCfg = MinSizeRel|x64
		{803F76E0-CAAD-30C8-BCB5-A9302C04470F}.Release|x64.ActiveCfg = Release|x64
		{803F76E0-CAAD-30C8-BCB5-A9302C04470F}.Release|x64.Build.0 = Release|x64
		{803F76E0-CAAD-30C8-BCB5-A9302C04470F}.Release|x86.ActiveCfg = Release|x64
		{803F76E0-CAAD-30C8-BCB5-A9302C04470F}.RelWithDebInfo|x64.ActiveCfg = RelWithDebInfo|x64
		{803F76E0-CAAD-30C8-BCB5-A9302C04470F}.RelWithDebInfo|x64.Build.0 = RelWithDebInfo|x64
		{803F76E0-CAAD-30C8-BCB5-A9302C04470F}.RelWithDebInfo|x86.ActiveCfg = RelWithDebInfo|x64
		{F08491B9-40AA-335C-91A2-61DC9DCB0508}.Debug|x64.ActiveCfg = Debug|x64
		{F08491B9-40AA-335C-91A2-61DC9DCB0508}.Debug|x64.Build.0 = Debug|x64
		{F08491B9-40AA-335C-91A2-61DC9DCB0508}.Debug|x86.ActiveCfg = Debug|x64
		{F08491B9-40AA-335C-91A2-61DC9DCB0508}.MinSizeRel|x64.ActiveCfg = MinSizeRel|x64
		{F08491B9-40AA-335C-91A2-61DC9DCB0508}.MinSizeRel|x64.Build.0 = MinSizeRel|x64
		{F08491B9-40AA-335C-91A2-61DC9DCB0508}.MinSizeRel|x86.ActiveCfg = MinSizeRel|x64
		{F08491B9-40AA-335C-91A2-61DC9DCB0508}.Release|x64.ActiveCfg = Release|x64
		{F08491B9-40AA-335C-91A2-61DC9DCB0508}.Release|x64.Build.0 = Release|x64
		{F08491B9-40AA-335C-91A2-61DC9DCB0508}.Release|x86.ActiveCfg = Release|x64
		{F08491B9-40AA-335C-91A2-61DC9DCB0508}.RelWithDebInfo|x64.ActiveCfg = RelWithDebInfo|x64
		{F08491B9-40AA-335C-91A2-61DC9DCB0508}.RelWithDebInfo|x64.Build.0 = RelWithDebInfo|x64
		{F08491B9-40AA-335C-91A2-61DC9DCB0508}.RelWithDebInfo|x86.ActiveCfg = RelWithDebInfo|x64
		{B037DF51-C379-35B1-8DB8-EDC7A65CE89B}.Debug|x64.ActiveCfg = Debug|x64
		{B037DF51-C379-35B1-8DB8-EDC7A65CE89B}.Debug|x64.Build.0 = Debug|x64
		{B037DF51-C379-35B1-8DB8-EDC7A65CE89B}.Debug|x86.ActiveCfg = Debug|x64
		{B037DF51-C379-35B1-8DB8-EDC7A65CE89B}.MinSizeRel|x64.ActiveCfg = MinSizeRel|x64
		{B037DF51-C379-35B1-8DB8-EDC7A65CE89B}.MinSizeRel|x64.Build.0 = MinSizeRel|x64
		{B037DF51-C379-35B1-8DB8-EDC7A65CE89B}.MinSizeRel|x86.ActiveCfg = MinSizeRel|x64
		{B037DF51-C379-35B1-8DB8-EDC7A65CE89B}.Release|x64.ActiveCfg = Release|x64
		{B037DF51-C379-35B1-8DB8-EDC7A65CE89B}.Release|x64.Build.0 = Release|x64
		{B037DF51-C379-35B1-8DB8-EDC7A65CE89B}.Release|x86.ActiveCfg = Release|x64
		{B037DF51-C379-35B1-8DB8-EDC7A65CE89B}.RelWithDebInfo|x64.ActiveCfg = RelWithDebInfo|x64
		{B037DF51-C379-35B1-8DB8-EDC7A65CE89B}.RelWithDebInfo|x64.Build.0 = RelWithDebInfo|x64
		{B037DF51-C379-35B1-8DB8-EDC7A65CE89B}.RelWithDebInfo|x86.ActiveCfg = RelWithDebInfo|x64
		{D7C9BB3D-418D-3C52-8FA4-0473449DDF1A}.Debug|x64.ActiveCfg = Debug|x64
		{D7C9BB3D-418D-3C52-8FA4-0473449DDF1A}.Debug|x64.Build.0 = Debug|x64
		{D7C9BB3D-418D-3C52-8FA4-0473449DDF1A}.Debug|x86.ActiveCfg = Debug|x64
		{D7C9BB3D-418D-3C52-8FA4-0473449DDF1A}.MinSizeRel|x64.ActiveCfg = MinSizeRel|x64
		{D7C9BB3D-418D-3C52-8FA4-0473449DDF1A}.MinSizeRel|x64.Build.0 = MinSizeRel|x64
		{D7C9BB3D-418D-3C52-8FA4-0473449DDF1A}.MinSizeRel|x86.ActiveCfg = MinSizeRel|x64
		{D7C9BB3D-418D-3C52-8FA4-0473449DDF1A}.Release|x64.ActiveCfg = Release|x64
		{D7C9BB3D-418D-3C52-8FA4-0473449DDF1A}.Release|x64.Build.0 = Release|x64
		{D7C9BB3D-418D-3C52-8FA4-0473449DDF1A}.Release|x86.ActiveCfg = Release|x64
		{D7C9BB3D-418D-3C52-8FA4-0473449DDF1A}.RelWithDebInfo|x64.ActiveCfg = RelWithDebInfo|x64
		{D7C9BB3D-418D-3C52-8FA4-0473449DDF1A}.RelWithDebInfo|x64.Build.0 = RelWithDebInfo|x64
		{D7C9BB3D-418D-3C52-8FA4-0473449DDF1A}.RelWithDebInfo|x86.ActiveCfg = RelWithDebInfo|x64
		{68E2375B-B987-39E6-90C4-3259C0591567}.Debug|x64.ActiveCfg = Debug|x64
		{68E2375B-B987-39E6-90C4-3259C0591567}.Debug|x64.Build.0 = Debug|x64
		{68E2375B-B987-39E6-90C4-3259C0591567}.Debug|x86.ActiveCfg = Debug|x64
		{68E2375B-B987-39E6-90C4-3259C0591567}.MinSizeRel|x64.ActiveCfg = MinSizeRel|x64
		{68E2375B-B987-39E6-90C4-3259C0591567}.MinSizeRel|x64.Build.0 = MinSizeRel|x64
		{68E2375B-B987-39E6-90C4-3259C0591567}.MinSizeRel|x86.ActiveCfg = MinSizeRel|x64
		{68E2375B-B987-39E6-90C4-3259C0591567}.Release|x64.ActiveCfg = Release|x64
		{68E2375B-B987-39E6-90C4-3259C0591567}.Release|x64.Build.0 = Release|x64
		{68E2375B-B987-39E6-90C4-3259C0591567}.Release|x86.ActiveCfg = Release|x64
		{68E2375B-B987-39E6-90C4-3259C0591567}.RelWithDebInfo|x64.ActiveCfg = RelWithDebInfo|x64
		{68E2375B-B987-39E6-90C4-3259C0591567}.RelWithDebInfo|x64.Build.0 = RelWithDebInfo|x64
		{68E2375B-B987-39E6-90C4-3259C0591567}.RelWithDebInfo|x86.ActiveCfg = RelWithDebInfo|x64
		{F69488F1-1BAF-3CB1-97C4-D9BC22837EDC}.Debug|x64.ActiveCfg = Debug|x64
		{F69488F1-1BAF-3CB1-97C4-D9BC22837EDC}.Debug|x64.Build.0 = Debug|x64
		{F69488F1-1BAF-3CB1-97C4-D9BC22837EDC}.Debug|x86.ActiveCfg = Debug|x64
		{F69488F1-1BAF-3CB1-97C4-D9BC22837EDC}.MinSizeRel|x64.ActiveCfg = MinSizeRel|x64
		{F69488F1-1BAF-3CB1-97C4-D9BC22837EDC}.MinSizeRel|x64.Build.0 = MinSizeRel|x64
		{F69488F1-1BAF-3CB1-97C4-D9BC22837EDC}.MinSizeRel|x86.ActiveCfg = MinSizeRel|x64
		{F69488F1-1BAF-3CB1-97C4-D9BC22837EDC}.Release|x64.ActiveCfg = Release|x64
		{F69488F1-1BAF-3CB1-97C4-D9BC22837EDC}.Release|x64.Build.0 = Release|x64
		{F69488F1-1BAF-3CB1-97C4-D9BC22837EDC}.Release|x86.ActiveCfg = Release|x64
		{F69488F1-1BAF-3CB1-97C4-D9BC22837EDC}.RelWithDebInfo|x64.ActiveCfg = RelWithDebInfo|x64
		{F69488F1-1BAF-3CB1-97C4-D9BC22837EDC}.RelWithDebInfo|x64.Build.0 = RelWithDebInfo|x64
		{F69488F1-1BAF-3CB1-97C4-D9BC22837EDC}.RelWithDebInfo|x86.ActiveCfg = RelWithDebInfo|x64
		{F6764206-FACE-3829-9A0E-8AD2CC196042}.Debug|x64.ActiveCfg = Debug|x64
		{F6764206-FACE-3829-9A0E-8AD2CC196042}.Debug|x86.ActiveCfg = Debug|x64
		{F6764206-FACE-3829-9A0E-8AD2CC196042}.MinSizeRel|x64.ActiveCfg = MinSizeRel|x64
		{F6764206-FACE-3829-9A0E-8AD2CC196042}.MinSizeRel|x86.ActiveCfg = MinSizeRel|x64
		{F6764206-FACE-3829-9A0E-8AD2CC196042}.Release|x64.ActiveCfg = Release|x64
		{F6764206-FACE-3829-9A0E-8AD2CC196042}.Release|x86.ActiveCfg = Release|x64
		{F6764206-FACE-3829-9A0E-8AD2CC196042}.RelWithDebInfo|x64.ActiveCfg = RelWithDebInfo|x64
		{F6764206-FACE-3829-9A0E-8AD2CC196042}.RelWithDebInfo|x86.ActiveCfg = RelWithDebInfo|x64
		{98DD5436-B6B0-48AE-92EE-B1AD652C9C13}.Debug|x64.ActiveCfg = Debug|x64
		{98DD5436-B6B0-48AE-92EE-B1AD652C9C13}.Debug|x64.Build.0 = Debug|x64
		{98DD5436-B6B0-48AE-92EE-B1AD652C9C13}.Debug|x86.ActiveCfg = Debug|Win32
		{98DD5436-B6B0-48AE-92EE-B1AD652C9C13}.Debug|x86.Build.0 = Debug|Win32
		{98DD5436-B6B0-48AE-92EE-B1AD652C9C13}.MinSizeRel|x64.ActiveCfg = Debug|x64
		{98DD5436-B6B0-48AE-92EE-B1AD652C9C13}.MinSizeRel|x64.Build.0 = Debug|x64
		{98DD5436-B6B0-48AE-92EE-B1AD652C9C13}.MinSizeRel|x86.ActiveCfg = Debug|Win32
		{98DD5436-B6B0-48AE-92EE-B1AD652C9C13}.MinSizeRel|x86.Build.0 = Debug|Win32
		{98DD5436-B6B0-48AE-92EE-B1AD652C9C13}.Release|x64.ActiveCfg = Release|x64
		{98DD5436-B6B0-48AE-92EE-B1AD652C9C13}.Release|x64.Build.0 = Release|x64
		{98DD5436-B6B0-48AE-92EE-B1AD652C9C13}.Release|x86.ActiveCfg = Release|Win32
		{98DD5436-B6B0-48AE-92EE-B1AD652C9C13}.Release|x86.Build.0 = Release|Win32
		{98DD5436-B6B0-48AE-92EE-B1AD652C9C13}.RelWithDebInfo|x64.ActiveCfg = Release|x64
		{98DD5436-B6B0-48AE-92EE-B1AD652C9C13}.RelWithDebInfo|x64.Build.0 = Release|x64
		{98DD5436-B6B0-48AE-92EE-B1AD652C9C13}.RelWithDebInfo|x86.ActiveCfg = Release|Win32
		{98DD5436-B6B0-48AE-92EE-B1AD652C9C13}.RelWithDebInfo|x86.Build.0 = Release|Win32
	EndGlobalSection
	GlobalSection(SolutionProperties) = preSolution
		HideSolutionNode = FALSE
	EndGlobalSection
	GlobalSection(NestedProjects) = preSolution
		{930796A0-629B-3FA9-B644-27DBCB157649} = {D5B6D232-34E3-3F7D-942F-B246A07FFC38}
		{739580A5-1CCC-3FAF-B9A8-CCBD82DBE38F} = {D5B6D232-34E3-3F7D-942F-B246A07FFC38}
		{47CE06DE-F506-3E36-BEA4-C5ECFB35375E} = {D5B6D232-34E3-3F7D-942F-B246A07FFC38}
		{6516AE4E-8837-3E75-BA62-3BC37748B6D2} = {D5B6D232-34E3-3F7D-942F-B246A07FFC38}
		{FB52B69D-66E9-3C70-B494-E9531F0D36B2} = {770D70F2-F4C0-44F3-B875-D854CABA3A4E}
		{9841FD78-19BB-356A-9F58-2262DB49087B} = {770D70F2-F4C0-44F3-B875-D854CABA3A4E}
		{51EB83DA-D765-3ADF-96BF-FA438298E960} = {770D70F2-F4C0-44F3-B875-D854CABA3A4E}
		{C9F8EE43-0606-3F8F-A352-22EF7CEB0C44} = {770D70F2-F4C0-44F3-B875-D854CABA3A4E}
		{C9A9D836-DD41-378D-9312-18D0F8AE05DD} = {770D70F2-F4C0-44F3-B875-D854CABA3A4E}
		{BB9DEB50-7318-3B33-95FE-5C6F875434F3} = {770D70F2-F4C0-44F3-B875-D854CABA3A4E}
		{EDA40DAF-276A-3CFC-81D6-0ECF87572641} = {770D70F2-F4C0-44F3-B875-D854CABA3A4E}
		{F87B9286-D20A-39EC-8684-657ABBC6D6E2} = {770D70F2-F4C0-44F3-B875-D854CABA3A4E}
		{F7F6CF1B-409D-30E8-91A1-B0D7C6CFDD23} = {770D70F2-F4C0-44F3-B875-D854CABA3A4E}
		{77ADBD58-FAAB-39B3-AB76-D966BCAACE2C} = {770D70F2-F4C0-44F3-B875-D854CABA3A4E}
		{37EA148B-E3EF-3432-B46C-4C7D722AAF37} = {770D70F2-F4C0-44F3-B875-D854CABA3A4E}
		{7B2E20E7-9027-325D-9075-E674DA70633D} = {770D70F2-F4C0-44F3-B875-D854CABA3A4E}
		{BE0D312D-9030-387B-8700-20BE443842EE} = {770D70F2-F4C0-44F3-B875-D854CABA3A4E}
		{2BF8F4F6-9EA3-3BD4-8701-E29ED6D9E005} = {770D70F2-F4C0-44F3-B875-D854CABA3A4E}
		{2E2F62EA-0693-31F4-926A-06E6318F8313} = {770D70F2-F4C0-44F3-B875-D854CABA3A4E}
		{6FD8DD1A-D44A-3485-9D5A-2D9BA1E98E4E} = {770D70F2-F4C0-44F3-B875-D854CABA3A4E}
		{B2D2EBE5-BEC0-39D8-B4A4-14190AC19385} = {770D70F2-F4C0-44F3-B875-D854CABA3A4E}
		{E2585CF3-48F8-360D-B9F0-E3CDB052DAAD} = {770D70F2-F4C0-44F3-B875-D854CABA3A4E}
		{0B68D774-686E-3BD5-945B-A01E1D151428} = {770D70F2-F4C0-44F3-B875-D854CABA3A4E}
		{DABC88D5-359F-3C61-9530-8515C2160195} = {770D70F2-F4C0-44F3-B875-D854CABA3A4E}
		{567FA026-A1C6-3E70-B066-38A5FFD1B260} = {770D70F2-F4C0-44F3-B875-D854CABA3A4E}
		{803F76E0-CAAD-30C8-BCB5-A9302C04470F} = {770D70F2-F4C0-44F3-B875-D854CABA3A4E}
		{F08491B9-40AA-335C-91A2-61DC9DCB0508} = {770D70F2-F4C0-44F3-B875-D854CABA3A4E}
		{B037DF51-C379-35B1-8DB8-EDC7A65CE89B} = {770D70F2-F4C0-44F3-B875-D854CABA3A4E}
		{D7C9BB3D-418D-3C52-8FA4-0473449DDF1A} = {770D70F2-F4C0-44F3-B875-D854CABA3A4E}
		{F69488F1-1BAF-3CB1-97C4-D9BC22837EDC} = {770D70F2-F4C0-44F3-B875-D854CABA3A4E}
		{F6764206-FACE-3829-9A0E-8AD2CC196042} = {D5B6D232-34E3-3F7D-942F-B246A07FFC38}
		{98DD5436-B6B0-48AE-92EE-B1AD652C9C13} = {527C811A-4D97-4B7F-9346-C1F2FD98CD30}
	EndGlobalSection
	GlobalSection(ExtensibilityGlobals) = postSolution
		SolutionGuid = {70374507-78AE-32F1-A9D3-29DB23AC407B}
	EndGlobalSection
EndGlobal
